
Microsoft Visual Studio Solution File, Format Version 12.00
Project("{2150E333-8FDC-42A3-9474-1A3956D46DE8}") = "Employees", "Employees", "{D4D4C3CF-7F40-4876-B2A3-23185F751B3D}"
EndProject
Project("{2150E333-8FDC-42A3-9474-1A3956D46DE8}") = "Tasks", "Tasks", "{9CB86743-230F-42E7-AE98-6E9FDA4A4783}"
EndProject
Project("{FAE04EC0-301F-11D3-BF4B-00C04F79EFBC}") = "Employee.Repositories", "Employees\Employee.Repositories\Employee.Repositories.csproj", "{A5E8C564-A744-474C-AEDF-7A9000ED3BE2}"
EndProject
Project("{2150E333-8FDC-42A3-9474-1A3956D46DE8}") = "Core", "Core", "{D97264E9-E61B-4181-ABE1-C576F5F94763}"
EndProject
Project("{FAE04EC0-301F-11D3-BF4B-00C04F79EFBC}") = "Core.Entities", "Core\Core.Entities\Core.Entities.csproj", "{843A69AD-E324-41A0-ABF4-31724F38EE79}"
EndProject
Project("{FAE04EC0-301F-11D3-BF4B-00C04F79EFBC}") = "Core.Repositories", "Core\Core.Repositories\Core.Repositories.csproj", "{088A8242-DD57-4244-A4E2-94B30B2E2C1E}"
EndProject
Project("{FAE04EC0-301F-11D3-BF4B-00C04F79EFBC}") = "Core.Services", "Core\Core.Services\Core.Services.csproj", "{27A3F980-A5D8-4D1F-9E90-08CD0B2914FF}"
EndProject
Project("{FAE04EC0-301F-11D3-BF4B-00C04F79EFBC}") = "Employee.DataAccess", "Employees\Employee.DataAccess\Employee.DataAccess.csproj", "{137271E1-7275-4DBC-8A0D-A986B2D58BC8}"
EndProject
Project("{FAE04EC0-301F-11D3-BF4B-00C04F79EFBC}") = "Employee.Services", "Employees\Employee.Services\Employee.Services.csproj", "{A3E55035-6C18-4EAB-A8DD-8E2BFF6460A6}"
EndProject
Project("{FAE04EC0-301F-11D3-BF4B-00C04F79EFBC}") = "Employees.Api", "Employees\Employee.Api\Employee.Api.csproj", "{2010C6C9-9657-4C3C-AD90-43BC7211C7A8}"
EndProject
Project("{FAE04EC0-301F-11D3-BF4B-00C04F79EFBC}") = "Ideal.Core", "Core\Ideal.Core\Ideal.Core.csproj", "{75EB97F1-217C-490F-8DB4-4A96FF8608CE}"
EndProject
Project("{FAE04EC0-301F-11D3-BF4B-00C04F79EFBC}") = "Task.DataAccess", "Tasks\Task.DataAccess\Task.DataAccess.csproj", "{009F7341-3CBF-4BEC-8C1A-584FD8ACCDDD}"
EndProject
Project("{FAE04EC0-301F-11D3-BF4B-00C04F79EFBC}") = "Task.Repositories", "Tasks\Task.Repositories\Task.Repositories.csproj", "{0624CE1B-4C79-4FB2-84E4-BF0A88D93B85}"
EndProject
Project("{FAE04EC0-301F-11D3-BF4B-00C04F79EFBC}") = "Task.Services", "Tasks\Task.Services\Task.Services.csproj", "{1422E370-A979-41BD-BE55-097F872C7178}"
EndProject
Project("{FAE04EC0-301F-11D3-BF4B-00C04F79EFBC}") = "Task.Api", "Tasks\Task.Api\Task.Api.csproj", "{BF77D7FD-312A-45A7-8B85-CB5A88746354}"
EndProject
Global
	GlobalSection(SolutionConfigurationPlatforms) = preSolution
		Debug|Any CPU = Debug|Any CPU
		Release|Any CPU = Release|Any CPU
	EndGlobalSection
	GlobalSection(NestedProjects) = preSolution
		{A5E8C564-A744-474C-AEDF-7A9000ED3BE2} = {D4D4C3CF-7F40-4876-B2A3-23185F751B3D}
		{843A69AD-E324-41A0-ABF4-31724F38EE79} = {D97264E9-E61B-4181-ABE1-C576F5F94763}
		{088A8242-DD57-4244-A4E2-94B30B2E2C1E} = {D97264E9-E61B-4181-ABE1-C576F5F94763}
		{27A3F980-A5D8-4D1F-9E90-08CD0B2914FF} = {D97264E9-E61B-4181-ABE1-C576F5F94763}
		{137271E1-7275-4DBC-8A0D-A986B2D58BC8} = {D4D4C3CF-7F40-4876-B2A3-23185F751B3D}
		{A3E55035-6C18-4EAB-A8DD-8E2BFF6460A6} = {D4D4C3CF-7F40-4876-B2A3-23185F751B3D}
		{2010C6C9-9657-4C3C-AD90-43BC7211C7A8} = {D4D4C3CF-7F40-4876-B2A3-23185F751B3D}
		{75EB97F1-217C-490F-8DB4-4A96FF8608CE} = {D97264E9-E61B-4181-ABE1-C576F5F94763}
		{009F7341-3CBF-4BEC-8C1A-584FD8ACCDDD} = {9CB86743-230F-42E7-AE98-6E9FDA4A4783}
		{0624CE1B-4C79-4FB2-84E4-BF0A88D93B85} = {9CB86743-230F-42E7-AE98-6E9FDA4A4783}
		{1422E370-A979-41BD-BE55-097F872C7178} = {9CB86743-230F-42E7-AE98-6E9FDA4A4783}
		{BF77D7FD-312A-45A7-8B85-CB5A88746354} = {9CB86743-230F-42E7-AE98-6E9FDA4A4783}
	EndGlobalSection
	GlobalSection(ProjectConfigurationPlatforms) = postSolution
		{A5E8C564-A744-474C-AEDF-7A9000ED3BE2}.Debug|Any CPU.ActiveCfg = Debug|Any CPU
		{A5E8C564-A744-474C-AEDF-7A9000ED3BE2}.Debug|Any CPU.Build.0 = Debug|Any CPU
		{A5E8C564-A744-474C-AEDF-7A9000ED3BE2}.Release|Any CPU.ActiveCfg = Release|Any CPU
		{A5E8C564-A744-474C-AEDF-7A9000ED3BE2}.Release|Any CPU.Build.0 = Release|Any CPU
		{843A69AD-E324-41A0-ABF4-31724F38EE79}.Debug|Any CPU.ActiveCfg = Debug|Any CPU
		{843A69AD-E324-41A0-ABF4-31724F38EE79}.Debug|Any CPU.Build.0 = Debug|Any CPU
		{843A69AD-E324-41A0-ABF4-31724F38EE79}.Release|Any CPU.ActiveCfg = Release|Any CPU
		{843A69AD-E324-41A0-ABF4-31724F38EE79}.Release|Any CPU.Build.0 = Release|Any CPU
		{088A8242-DD57-4244-A4E2-94B30B2E2C1E}.Debug|Any CPU.ActiveCfg = Debug|Any CPU
		{088A8242-DD57-4244-A4E2-94B30B2E2C1E}.Debug|Any CPU.Build.0 = Debug|Any CPU
		{088A8242-DD57-4244-A4E2-94B30B2E2C1E}.Release|Any CPU.ActiveCfg = Release|Any CPU
		{088A8242-DD57-4244-A4E2-94B30B2E2C1E}.Release|Any CPU.Build.0 = Release|Any CPU
		{27A3F980-A5D8-4D1F-9E90-08CD0B2914FF}.Debug|Any CPU.ActiveCfg = Debug|Any CPU
		{27A3F980-A5D8-4D1F-9E90-08CD0B2914FF}.Debug|Any CPU.Build.0 = Debug|Any CPU
		{27A3F980-A5D8-4D1F-9E90-08CD0B2914FF}.Release|Any CPU.ActiveCfg = Release|Any CPU
		{27A3F980-A5D8-4D1F-9E90-08CD0B2914FF}.Release|Any CPU.Build.0 = Release|Any CPU
		{137271E1-7275-4DBC-8A0D-A986B2D58BC8}.Debug|Any CPU.ActiveCfg = Debug|Any CPU
		{137271E1-7275-4DBC-8A0D-A986B2D58BC8}.Debug|Any CPU.Build.0 = Debug|Any CPU
		{137271E1-7275-4DBC-8A0D-A986B2D58BC8}.Release|Any CPU.ActiveCfg = Release|Any CPU
		{137271E1-7275-4DBC-8A0D-A986B2D58BC8}.Release|Any CPU.Build.0 = Release|Any CPU
		{A3E55035-6C18-4EAB-A8DD-8E2BFF6460A6}.Debug|Any CPU.ActiveCfg = Debug|Any CPU
		{A3E55035-6C18-4EAB-A8DD-8E2BFF6460A6}.Debug|Any CPU.Build.0 = Debug|Any CPU
		{A3E55035-6C18-4EAB-A8DD-8E2BFF6460A6}.Release|Any CPU.ActiveCfg = Release|Any CPU
		{A3E55035-6C18-4EAB-A8DD-8E2BFF6460A6}.Release|Any CPU.Build.0 = Release|Any CPU
		{2010C6C9-9657-4C3C-AD90-43BC7211C7A8}.Debug|Any CPU.ActiveCfg = Debug|Any CPU
		{2010C6C9-9657-4C3C-AD90-43BC7211C7A8}.Debug|Any CPU.Build.0 = Debug|Any CPU
		{2010C6C9-9657-4C3C-AD90-43BC7211C7A8}.Release|Any CPU.ActiveCfg = Release|Any CPU
		{2010C6C9-9657-4C3C-AD90-43BC7211C7A8}.Release|Any CPU.Build.0 = Release|Any CPU
		{75EB97F1-217C-490F-8DB4-4A96FF8608CE}.Debug|Any CPU.ActiveCfg = Debug|Any CPU
		{75EB97F1-217C-490F-8DB4-4A96FF8608CE}.Debug|Any CPU.Build.0 = Debug|Any CPU
		{75EB97F1-217C-490F-8DB4-4A96FF8608CE}.Release|Any CPU.ActiveCfg = Release|Any CPU
		{75EB97F1-217C-490F-8DB4-4A96FF8608CE}.Release|Any CPU.Build.0 = Release|Any CPU
		{009F7341-3CBF-4BEC-8C1A-584FD8ACCDDD}.Debug|Any CPU.ActiveCfg = Debug|Any CPU
		{009F7341-3CBF-4BEC-8C1A-584FD8ACCDDD}.Debug|Any CPU.Build.0 = Debug|Any CPU
		{009F7341-3CBF-4BEC-8C1A-584FD8ACCDDD}.Release|Any CPU.ActiveCfg = Release|Any CPU
		{009F7341-3CBF-4BEC-8C1A-584FD8ACCDDD}.Release|Any CPU.Build.0 = Release|Any CPU
		{0624CE1B-4C79-4FB2-84E4-BF0A88D93B85}.Debug|Any CPU.ActiveCfg = Debug|Any CPU
		{0624CE1B-4C79-4FB2-84E4-BF0A88D93B85}.Debug|Any CPU.Build.0 = Debug|Any CPU
		{0624CE1B-4C79-4FB2-84E4-BF0A88D93B85}.Release|Any CPU.ActiveCfg = Release|Any CPU
		{0624CE1B-4C79-4FB2-84E4-BF0A88D93B85}.Release|Any CPU.Build.0 = Release|Any CPU
		{1422E370-A979-41BD-BE55-097F872C7178}.Debug|Any CPU.ActiveCfg = Debug|Any CPU
		{1422E370-A979-41BD-BE55-097F872C7178}.Debug|Any CPU.Build.0 = Debug|Any CPU
		{1422E370-A979-41BD-BE55-097F872C7178}.Release|Any CPU.ActiveCfg = Release|Any CPU
		{1422E370-A979-41BD-BE55-097F872C7178}.Release|Any CPU.Build.0 = Release|Any CPU
		{BF77D7FD-312A-45A7-8B85-CB5A88746354}.Debug|Any CPU.ActiveCfg = Debug|Any CPU
		{BF77D7FD-312A-45A7-8B85-CB5A88746354}.Debug|Any CPU.Build.0 = Debug|Any CPU
		{BF77D7FD-312A-45A7-8B85-CB5A88746354}.Release|Any CPU.ActiveCfg = Release|Any CPU
		{BF77D7FD-312A-45A7-8B85-CB5A88746354}.Release|Any CPU.Build.0 = Release|Any CPU
	EndGlobalSection
EndGlobal
